
Microsoft Visual Studio Solution File, Format Version 12.00
# Visual Studio Version 16
VisualStudioVersion = 16.0.31321.278
MinimumVisualStudioVersion = 10.0.40219.1
Project("{FAE04EC0-301F-11D3-BF4B-00C04F79EFBC}") = "DAL", "DAL\DAL.csproj", "{336A6EEF-65E8-4C0F-B46F-B73E8A027F1B}"
EndProject
Project("{FAE04EC0-301F-11D3-BF4B-00C04F79EFBC}") = "WebUI", "WebUI\WebUI.csproj", "{4E461B72-D913-4F41-A775-6DB60B608340}"
EndProject
Global
	GlobalSection(SolutionConfigurationPlatforms) = preSolution
		Debug|Any CPU = Debug|Any CPU
		Release|Any CPU = Release|Any CPU
	EndGlobalSection
	GlobalSection(ProjectConfigurationPlatforms) = postSolution
		{336A6EEF-65E8-4C0F-B46F-B73E8A027F1B}.Debug|Any CPU.ActiveCfg = Debug|Any CPU
		{336A6EEF-65E8-4C0F-B46F-B73E8A027F1B}.Debug|Any CPU.Build.0 = Debug|Any CPU
		{336A6EEF-65E8-4C0F-B46F-B73E8A027F1B}.Release|Any CPU.ActiveCfg = Release|Any CPU
		{336A6EEF-65E8-4C0F-B46F-B73E8A027F1B}.Release|Any CPU.Build.0 = Release|Any CPU
		{4E461B72-D913-4F41-A775-6DB60B608340}.Debug|Any CPU.ActiveCfg = Debug|Any CPU
		{4E461B72-D913-4F41-A775-6DB60B608340}.Debug|Any CPU.Build.0 = Debug|Any CPU
		{4E461B72-D913-4F41-A775-6DB60B608340}.Release|Any CPU.ActiveCfg = Release|Any CPU
		{4E461B72-D913-4F41-A775-6DB60B608340}.Release|Any CPU.Build.0 = Release|Any CPU
	EndGlobalSection
	GlobalSection(SolutionProperties) = preSolution
		HideSolutionNode = FALSE
	EndGlobalSection
	GlobalSection(ExtensibilityGlobals) = postSolution
		SolutionGuid = {98CD9763-85A6-42F0-8B1A-F4850FF0BDC5}
	EndGlobalSection
EndGlobal
